
Microsoft Visual Studio Solution File, Format Version 12.00
# Visual Studio 15
VisualStudioVersion = 15.0.28307.539
MinimumVisualStudioVersion = 10.0.40219.1
Project("{FAE04EC0-301F-11D3-BF4B-00C04F79EFBC}") = "Crypto", "Crypto\Crypto.csproj", "{6991CB52-173A-4112-9CDC-EF46D8ADB833}"
EndProject
Global
	GlobalSection(SolutionConfigurationPlatforms) = preSolution
		Debug|Any CPU = Debug|Any CPU
		Release|Any CPU = Release|Any CPU
	EndGlobalSection
	GlobalSection(ProjectConfigurationPlatforms) = postSolution
		{6991CB52-173A-4112-9CDC-EF46D8ADB833}.Debug|Any CPU.ActiveCfg = Debug|Any CPU
		{6991CB52-173A-4112-9CDC-EF46D8ADB833}.Debug|Any CPU.Build.0 = Debug|Any CPU
		{6991CB52-173A-4112-9CDC-EF46D8ADB833}.Release|Any CPU.ActiveCfg = Release|Any CPU
		{6991CB52-173A-4112-9CDC-EF46D8ADB833}.Release|Any CPU.Build.0 = Release|Any CPU
	EndGlobalSection
	GlobalSection(SolutionProperties) = preSolution
		HideSolutionNode = FALSE
	EndGlobalSection
	GlobalSection(ExtensibilityGlobals) = postSolution
		SolutionGuid = {605425D6-2AC2-48B3-85A7-0550EC4D7689}
	EndGlobalSection
EndGlobal
